{
  "name": "my_web_app",
  "version": "1.0.0",
  "lockfileVersion": 1,
  "requires": true,
  "dependencies": {
    "smallest-enclosing-circle": {
      "version": "1.0.2",
      "resolved": "https://registry.npmjs.org/smallest-enclosing-circle/-/smallest-enclosing-circle-1.0.2.tgz",
      "integrity": "sha512-HvGqyliqB8t+k0kCIYaXR1KkWZFrkUOsovuySHfsFjpkvkIUzv0Y0lN1DK8zhiaCBFRcWpnQ+MPkiohACDHLxA=="
    }
  }
}
