
Microsoft Visual Studio Solution File, Format Version 12.00
# Visual Studio Version 16
VisualStudioVersion = 16.0.31129.286
MinimumVisualStudioVersion = 10.0.40219.1
Project("{FAE04EC0-301F-11D3-BF4B-00C04F79EFBC}") = "simulator", "simulator\simulator.csproj", "{0C40224D-59F5-4A42-9B85-48561800B70B}"
EndProject
Global
	GlobalSection(SolutionConfigurationPlatforms) = preSolution
		Debug|Any CPU = Debug|Any CPU
		Debug|x64 = Debug|x64
		Release|Any CPU = Release|Any CPU
		Release|x64 = Release|x64
	EndGlobalSection
	GlobalSection(ProjectConfigurationPlatforms) = postSolution
		{0C40224D-59F5-4A42-9B85-48561800B70B}.Debug|Any CPU.ActiveCfg = Debug|Any CPU
		{0C40224D-59F5-4A42-9B85-48561800B70B}.Debug|Any CPU.Build.0 = Debug|Any CPU
		{0C40224D-59F5-4A42-9B85-48561800B70B}.Debug|x64.ActiveCfg = Debug|x64
		{0C40224D-59F5-4A42-9B85-48561800B70B}.Debug|x64.Build.0 = Debug|x64
		{0C40224D-59F5-4A42-9B85-48561800B70B}.Release|Any CPU.ActiveCfg = Release|Any CPU
		{0C40224D-59F5-4A42-9B85-48561800B70B}.Release|Any CPU.Build.0 = Release|Any CPU
		{0C40224D-59F5-4A42-9B85-48561800B70B}.Release|x64.ActiveCfg = Release|x64
		{0C40224D-59F5-4A42-9B85-48561800B70B}.Release|x64.Build.0 = Release|x64
	EndGlobalSection
	GlobalSection(SolutionProperties) = preSolution
		HideSolutionNode = FALSE
	EndGlobalSection
	GlobalSection(ExtensibilityGlobals) = postSolution
		SolutionGuid = {26FD5E60-BDBF-4536-9C47-1C2900218E8C}
	EndGlobalSection
EndGlobal
